
Microsoft Visual Studio Solution File, Format Version 12.00
# Visual Studio 14
VisualStudioVersion = 14.0.23107.0
MinimumVisualStudioVersion = 10.0.40219.1
Project("{FAE04EC0-301F-11D3-BF4B-00C04F79EFBC}") = "CoderDojoMKE.Web", "CoderDodoMKE.Web\CoderDojoMKE.Web.csproj", "{992BEF70-4430-428C-AEA8-842701578C53}"
EndProject
Project("{FAE04EC0-301F-11D3-BF4B-00C04F79EFBC}") = "CoderDojoMKE.Web.Tests", "CoderDodoMKE.Web.Tests\CoderDojoMKE.Web.Tests.csproj", "{383A22CD-41F2-46F1-BC0E-14E5F511351E}"
EndProject
Global
	GlobalSection(SolutionConfigurationPlatforms) = preSolution
		Debug|Any CPU = Debug|Any CPU
		Release|Any CPU = Release|Any CPU
	EndGlobalSection
	GlobalSection(ProjectConfigurationPlatforms) = postSolution
		{992BEF70-4430-428C-AEA8-842701578C53}.Debug|Any CPU.ActiveCfg = Debug|Any CPU
		{992BEF70-4430-428C-AEA8-842701578C53}.Debug|Any CPU.Build.0 = Debug|Any CPU
		{992BEF70-4430-428C-AEA8-842701578C53}.Release|Any CPU.ActiveCfg = Release|Any CPU
		{992BEF70-4430-428C-AEA8-842701578C53}.Release|Any CPU.Build.0 = Release|Any CPU
		{383A22CD-41F2-46F1-BC0E-14E5F511351E}.Debug|Any CPU.ActiveCfg = Debug|Any CPU
		{383A22CD-41F2-46F1-BC0E-14E5F511351E}.Debug|Any CPU.Build.0 = Debug|Any CPU
		{383A22CD-41F2-46F1-BC0E-14E5F511351E}.Release|Any CPU.ActiveCfg = Release|Any CPU
		{383A22CD-41F2-46F1-BC0E-14E5F511351E}.Release|Any CPU.Build.0 = Release|Any CPU
	EndGlobalSection
	GlobalSection(SolutionProperties) = preSolution
		HideSolutionNode = FALSE
	EndGlobalSection
EndGlobal
